
Microsoft Visual Studio Solution File, Format Version 12.00
# Visual Studio 15
VisualStudioVersion = 15.0.26403.3
MinimumVisualStudioVersion = 10.0.40219.1
Project("{FAE04EC0-301F-11D3-BF4B-00C04F79EFBC}") = "CoAP.Proxy.NET40", "CoAP.Proxy\CoAP.Proxy.NET40.csproj", "{B8D6E88E-890B-4220-B994-C5EC7B19D282}"
EndProject
Project("{FAE04EC0-301F-11D3-BF4B-00C04F79EFBC}") = "CoAP.Test.NET40", "CoAP.Test\CoAP.Test.NET40.csproj", "{1F828F7D-D1CB-4C47-8A9A-47855B822724}"
EndProject
Project("{FAE04EC0-301F-11D3-BF4B-00C04F79EFBC}") = "CoAP.Proxy.NET40", "Example\Example.NET40.csproj", "{96DBCEFE-CE81-4592-9101-9A3659BEC488}"
EndProject
Project("{2150E333-8FDC-42A3-9474-1A3956D46DE8}") = ".nuget", ".nuget", "{00F672FB-417B-4AF0-8791-0EA41D691C89}"
	ProjectSection(SolutionItems) = preProject
		.nuget\packages.config = .nuget\packages.config
	EndProjectSection
EndProject
Global
	GlobalSection(SolutionConfigurationPlatforms) = preSolution
		Debug|Any CPU = Debug|Any CPU
		Release|Any CPU = Release|Any CPU
		Deploy|Any CPU = Deploy|Any CPU
	EndGlobalSection
	GlobalSection(ProjectConfigurationPlatforms) = postSolution
		{B8D6E88E-890B-4220-B994-C5EC7B19D282}.Debug|Any CPU.ActiveCfg = Debug|Any CPU
		{B8D6E88E-890B-4220-B994-C5EC7B19D282}.Debug|Any CPU.Build.0 = Debug|Any CPU
		{B8D6E88E-890B-4220-B994-C5EC7B19D282}.Release|Any CPU.ActiveCfg = Release|Any CPU
		{B8D6E88E-890B-4220-B994-C5EC7B19D282}.Release|Any CPU.Build.0 = Release|Any CPU
		{B8D6E88E-890B-4220-B994-C5EC7B19D282}.Deploy|Any CPU.ActiveCfg = Deploy|Any CPU
		{B8D6E88E-890B-4220-B994-C5EC7B19D282}.Deploy|Any CPU.Build.0 = Deploy|Any CPU
		{1F828F7D-D1CB-4C47-8A9A-47855B822724}.Debug|Any CPU.ActiveCfg = Debug|Any CPU
		{1F828F7D-D1CB-4C47-8A9A-47855B822724}.Debug|Any CPU.Build.0 = Debug|Any CPU
		{1F828F7D-D1CB-4C47-8A9A-47855B822724}.Release|Any CPU.ActiveCfg = Release|Any CPU
		{1F828F7D-D1CB-4C47-8A9A-47855B822724}.Release|Any CPU.Build.0 = Release|Any CPU
		{1F828F7D-D1CB-4C47-8A9A-47855B822724}.Deploy|Any CPU.ActiveCfg = Deploy|Any CPU
		{1F828F7D-D1CB-4C47-8A9A-47855B822724}.Deploy|Any CPU.Build.0 = Deploy|Any CPU
		{96DBCEFE-CE81-4592-9101-9A3659BEC488}.Debug|Any CPU.ActiveCfg = Debug|Any CPU
		{96DBCEFE-CE81-4592-9101-9A3659BEC488}.Debug|Any CPU.Build.0 = Debug|Any CPU
		{96DBCEFE-CE81-4592-9101-9A3659BEC488}.Release|Any CPU.ActiveCfg = Release|Any CPU
		{96DBCEFE-CE81-4592-9101-9A3659BEC488}.Release|Any CPU.Build.0 = Release|Any CPU
		{96DBCEFE-CE81-4592-9101-9A3659BEC488}.Deploy|Any CPU.ActiveCfg = Deploy|Any CPU
		{96DBCEFE-CE81-4592-9101-9A3659BEC488}.Deploy|Any CPU.Build.0 = Deploy|Any CPU
	EndGlobalSection
	GlobalSection(SolutionProperties) = preSolution
		HideSolutionNode = FALSE
	EndGlobalSection
EndGlobal
